<?xml version="1.0" encoding="utf-8"?>
<Project ToolsVersion="4.0" xmlns="http://schemas.microsoft.com/developer/msbuild/2003">
  <ItemGroup>
    <Filter Include="Source Files">
      <UniqueIdentifier>{4FC737F1-C7A5-4376-A066-2A32D752A2FF}</UniqueIdentifier>
      <Extensions>cpp;c;cc;cxx;def;odl;idl;hpj;bat;asm;asmx</Extensions>
    </Filter>
    <Filter Include="Source Files\BinaryTree">
      <UniqueIdentifier>{b9379c96-e488-4597-ae58-a4de2b2523a4}</UniqueIdentifier>
    </Filter>
    <Filter Include="Source Files\Image">
      <UniqueIdentifier>{4f618e24-b58f-483d-9f53-3fac90bd06a2}</UniqueIdentifier>
    </Filter>
    <Filter Include="Source Files\Math3d">
      <UniqueIdentifier>{5e4c2477-af77-4c9c-a48d-590450b19516}</UniqueIdentifier>
    </Filter>
  </ItemGroup>
  <ItemGroup>
    <ClCompile Include="..\src\main.cpp">
      <Filter>Source Files</Filter>
    </ClCompile>
    <ClCompile Include="..\src\Image\Image.cpp">
      <Filter>Source Files\Image</Filter>
    </ClCompile>
    <ClCompile Include="..\src\Image\PngImage.cpp">
      <Filter>Source Files\Image</Filter>
    </ClCompile>
    <ClCompile Include="..\src\SceneImporter.cpp">
      <Filter>Source Files</Filter>
    </ClCompile>
  </ItemGroup>
  <ItemGroup>
    <ClInclude Include="..\src\GeometricTypes.hpp">
      <Filter>Source Files</Filter>
    </ClInclude>
    <ClInclude Include="..\src\KdTree.hpp">
      <Filter>Source Files</Filter>
    </ClInclude>
    <ClInclude Include="..\src\Raytracer.hpp">
      <Filter>Source Files</Filter>
    </ClInclude>
    <ClInclude Include="..\src\BinaryTree\BasicTree.hpp">
      <Filter>Source Files\BinaryTree</Filter>
    </ClInclude>
    <ClInclude Include="..\src\BinaryTree\BinaryTreeIterator.hpp">
      <Filter>Source Files\BinaryTree</Filter>
    </ClInclude>
    <ClInclude Include="..\src\BinaryTree\ConstCacheFriendlyTree.hpp">
      <Filter>Source Files\BinaryTree</Filter>
    </ClInclude>
    <ClInclude Include="..\src\Image\Image.hpp">
      <Filter>Source Files\Image</Filter>
    </ClInclude>
    <ClInclude Include="..\src\Image\PngImage.hpp">
      <Filter>Source Files\Image</Filter>
    </ClInclude>
    <ClInclude Include="..\..\math3d\include\math3d\axis.hpp">
      <Filter>Source Files\Math3d</Filter>
    </ClInclude>
    <ClInclude Include="..\..\math3d\include\math3d\AxisAlignedPlane.hpp">
      <Filter>Source Files\Math3d</Filter>
    </ClInclude>
    <ClInclude Include="..\..\math3d\include\math3d\box.hpp">
      <Filter>Source Files\Math3d</Filter>
    </ClInclude>
    <ClInclude Include="..\..\math3d\include\math3d\helpers.hpp">
      <Filter>Source Files\Math3d</Filter>
    </ClInclude>
    <ClInclude Include="..\..\math3d\include\math3d\intersections.hpp">
      <Filter>Source Files\Math3d</Filter>
    </ClInclude>
    <ClInclude Include="..\..\math3d\include\math3d\line.hpp">
      <Filter>Source Files\Math3d</Filter>
    </ClInclude>
    <ClInclude Include="..\..\math3d\include\math3d\mathtypes.hpp">
      <Filter>Source Files\Math3d</Filter>
    </ClInclude>
    <ClInclude Include="..\..\math3d\include\math3d\matrix.hpp">
      <Filter>Source Files\Math3d</Filter>
    </ClInclude>
    <ClInclude Include="..\..\math3d\include\math3d\plane.hpp">
      <Filter>Source Files\Math3d</Filter>
    </ClInclude>
    <ClInclude Include="..\..\math3d\include\math3d\primitive.hpp">
      <Filter>Source Files\Math3d</Filter>
    </ClInclude>
    <ClInclude Include="..\..\math3d\include\math3d\quad.hpp">
      <Filter>Source Files\Math3d</Filter>
    </ClInclude>
    <ClInclude Include="..\..\math3d\include\math3d\ray.hpp">
      <Filter>Source Files\Math3d</Filter>
    </ClInclude>
    <ClInclude Include="..\..\math3d\include\math3d\rect.hpp">
      <Filter>Source Files\Math3d</Filter>
    </ClInclude>
    <ClInclude Include="..\..\math3d\include\math3d\Sphere.hpp">
      <Filter>Source Files\Math3d</Filter>
    </ClInclude>
    <ClInclude Include="..\..\math3d\include\math3d\triangle.hpp">
      <Filter>Source Files\Math3d</Filter>
    </ClInclude>
    <ClInclude Include="..\..\math3d\include\math3d\vector.hpp">
      <Filter>Source Files\Math3d</Filter>
    </ClInclude>
    <ClInclude Include="..\src\TriangleMesh.hpp">
      <Filter>Source Files</Filter>
    </ClInclude>
    <ClInclude Include="..\src\SceneImporter.hpp">
      <Filter>Source Files</Filter>
    </ClInclude>
    <ClInclude Include="..\src\Mesh.hpp">
      <Filter>Source Files</Filter>
    </ClInclude>
  </ItemGroup>
  <ItemGroup>
    <None Include="ClassDiagram.cd" />
  </ItemGroup>
</Project>